{
  "lockfileVersion": 1,
  "configVersion": 1,
  "workspaces": {
    "": {
      "name": "gonude-server",
      "dependencies": {
        "beautiful-mermaid": "^1.1.3",
        "hono": "^4.0.0",
      },
    },
  },
  "packages": {
    "beautiful-mermaid": ["beautiful-mermaid@1.1.3", "", { "dependencies": { "elkjs": "^0.11.0", "entities": "^7.0.1" } }, "sha512-TItrtrAyHp1vwFfFVYauWGrquouk/6SS21Aq3RsxindSYZODcN4xYrPZD6BiZRU+o5mKJzDPz9MUSMvELdylyg=="],

    "elkjs": ["elkjs@0.11.1", "", {}, "sha512-zxxR9k+rx5ktMwT/FwyLdPCrq7xN6e4VGGHH8hA01vVYKjTFik7nHOxBnAYtrgYUB1RpAiLvA1/U2YraWxyKKg=="],

    "entities": ["entities@7.0.1", "", {}, "sha512-TWrgLOFUQTH994YUyl1yT4uyavY5nNB5muff+RtWaqNVCAK408b5ZnnbNAUEWLTCpum9w6arT70i1XdQ4UeOPA=="],

    "hono": ["hono@4.12.14", "", {}, "sha512-am5zfg3yu6sqn5yjKBNqhnTX7Cv+m00ox+7jbaKkrLMRJ4rAdldd1xPd/JzbBWspqaQv6RSTrgFN95EsfhC+7w=="],
  }
}
